
Microsoft Visual Studio Solution File, Format Version 12.00
# Visual Studio Version 17
VisualStudioVersion = 17.7.34031.279
MinimumVisualStudioVersion = 10.0.40219.1
Project("{FAE04EC0-301F-11D3-BF4B-00C04F79EFBC}") = "Project2_Database_Added", "Project2_Database_Added.csproj", "{AC009358-B0B0-4647-95B2-889B1A421A30}"
EndProject
Global
	GlobalSection(SolutionConfigurationPlatforms) = preSolution
		Debug|Any CPU = Debug|Any CPU
		Release|Any CPU = Release|Any CPU
	EndGlobalSection
	GlobalSection(ProjectConfigurationPlatforms) = postSolution
		{AC009358-B0B0-4647-95B2-889B1A421A30}.Debug|Any CPU.ActiveCfg = Debug|Any CPU
		{AC009358-B0B0-4647-95B2-889B1A421A30}.Debug|Any CPU.Build.0 = Debug|Any CPU
		{AC009358-B0B0-4647-95B2-889B1A421A30}.Release|Any CPU.ActiveCfg = Release|Any CPU
		{AC009358-B0B0-4647-95B2-889B1A421A30}.Release|Any CPU.Build.0 = Release|Any CPU
	EndGlobalSection
	GlobalSection(SolutionProperties) = preSolution
		HideSolutionNode = FALSE
	EndGlobalSection
	GlobalSection(ExtensibilityGlobals) = postSolution
		SolutionGuid = {49CBD1A1-4265-4FCA-8D81-15F3285F4239}
	EndGlobalSection
EndGlobal
